
Microsoft Visual Studio Solution File, Format Version 12.00
# Visual Studio Version 17
VisualStudioVersion = 17.7.34031.279
MinimumVisualStudioVersion = 10.0.40219.1
Project("{FAE04EC0-301F-11D3-BF4B-00C04F79EFBC}") = "TP-Farmacia-Compras", "TP-Farmacia-Compras.csproj", "{4081C67F-E343-4A44-9273-18CFA57E28BF}"
EndProject
Global
	GlobalSection(SolutionConfigurationPlatforms) = preSolution
		Debug|Any CPU = Debug|Any CPU
		Release|Any CPU = Release|Any CPU
	EndGlobalSection
	GlobalSection(ProjectConfigurationPlatforms) = postSolution
		{4081C67F-E343-4A44-9273-18CFA57E28BF}.Debug|Any CPU.ActiveCfg = Debug|Any CPU
		{4081C67F-E343-4A44-9273-18CFA57E28BF}.Debug|Any CPU.Build.0 = Debug|Any CPU
		{4081C67F-E343-4A44-9273-18CFA57E28BF}.Release|Any CPU.ActiveCfg = Release|Any CPU
		{4081C67F-E343-4A44-9273-18CFA57E28BF}.Release|Any CPU.Build.0 = Release|Any CPU
	EndGlobalSection
	GlobalSection(SolutionProperties) = preSolution
		HideSolutionNode = FALSE
	EndGlobalSection
	GlobalSection(ExtensibilityGlobals) = postSolution
		SolutionGuid = {F9919743-391D-497E-93AA-3943F94CB47E}
	EndGlobalSection
EndGlobal
